
Microsoft Visual Studio Solution File, Format Version 12.00
# Visual Studio 15
VisualStudioVersion = 15.0.26430.15
MinimumVisualStudioVersion = 10.0.40219.1
Project("{FAE04EC0-301F-11D3-BF4B-00C04F79EFBC}") = "crud_entity", "crud_entity\crud_entity.csproj", "{2DC341A5-2EDD-48C5-840D-0B8CF9F32604}"
EndProject
Global
	GlobalSection(SolutionConfigurationPlatforms) = preSolution
		Debug|Any CPU = Debug|Any CPU
		Release|Any CPU = Release|Any CPU
	EndGlobalSection
	GlobalSection(ProjectConfigurationPlatforms) = postSolution
		{2DC341A5-2EDD-48C5-840D-0B8CF9F32604}.Debug|Any CPU.ActiveCfg = Debug|Any CPU
		{2DC341A5-2EDD-48C5-840D-0B8CF9F32604}.Debug|Any CPU.Build.0 = Debug|Any CPU
		{2DC341A5-2EDD-48C5-840D-0B8CF9F32604}.Release|Any CPU.ActiveCfg = Release|Any CPU
		{2DC341A5-2EDD-48C5-840D-0B8CF9F32604}.Release|Any CPU.Build.0 = Release|Any CPU
	EndGlobalSection
	GlobalSection(SolutionProperties) = preSolution
		HideSolutionNode = FALSE
	EndGlobalSection
EndGlobal
